
Microsoft Visual Studio Solution File, Format Version 12.00
# Visual Studio 15
VisualStudioVersion = 15.0.27703.2042
MinimumVisualStudioVersion = 10.0.40219.1
Project("{9A19103F-16F7-4668-BE54-9A1E7A4F7556}") = "WeatherApp", "WeatherApp\WeatherApp.csproj", "{8A6FFDE7-C5EB-4A9F-914A-6356AF517B8E}"
EndProject
Project("{FAE04EC0-301F-11D3-BF4B-00C04F79EFBC}") = "WeatherApp.Android", "WeatherApp.Android\WeatherApp.Android.csproj", "{E56FA8D3-060B-405D-B06C-12AE74054BB5}"
EndProject
Global
	GlobalSection(SolutionConfigurationPlatforms) = preSolution
		Debug|Any CPU = Debug|Any CPU
		Debug|x64 = Debug|x64
		Debug|x86 = Debug|x86
		Release|Any CPU = Release|Any CPU
		Release|x64 = Release|x64
		Release|x86 = Release|x86
	EndGlobalSection
	GlobalSection(ProjectConfigurationPlatforms) = postSolution
		{8A6FFDE7-C5EB-4A9F-914A-6356AF517B8E}.Debug|Any CPU.ActiveCfg = Debug|Any CPU
		{8A6FFDE7-C5EB-4A9F-914A-6356AF517B8E}.Debug|Any CPU.Build.0 = Debug|Any CPU
		{8A6FFDE7-C5EB-4A9F-914A-6356AF517B8E}.Debug|x64.ActiveCfg = Debug|x64
		{8A6FFDE7-C5EB-4A9F-914A-6356AF517B8E}.Debug|x64.Build.0 = Debug|x64
		{8A6FFDE7-C5EB-4A9F-914A-6356AF517B8E}.Debug|x86.ActiveCfg = Debug|x86
		{8A6FFDE7-C5EB-4A9F-914A-6356AF517B8E}.Debug|x86.Build.0 = Debug|x86
		{8A6FFDE7-C5EB-4A9F-914A-6356AF517B8E}.Release|Any CPU.ActiveCfg = Release|Any CPU
		{8A6FFDE7-C5EB-4A9F-914A-6356AF517B8E}.Release|Any CPU.Build.0 = Release|Any CPU
		{8A6FFDE7-C5EB-4A9F-914A-6356AF517B8E}.Release|x64.ActiveCfg = Release|x64
		{8A6FFDE7-C5EB-4A9F-914A-6356AF517B8E}.Release|x64.Build.0 = Release|x64
		{8A6FFDE7-C5EB-4A9F-914A-6356AF517B8E}.Release|x86.ActiveCfg = Release|x86
		{8A6FFDE7-C5EB-4A9F-914A-6356AF517B8E}.Release|x86.Build.0 = Release|x86
		{E56FA8D3-060B-405D-B06C-12AE74054BB5}.Debug|Any CPU.ActiveCfg = Debug|Any CPU
		{E56FA8D3-060B-405D-B06C-12AE74054BB5}.Debug|Any CPU.Build.0 = Debug|Any CPU
		{E56FA8D3-060B-405D-B06C-12AE74054BB5}.Debug|Any CPU.Deploy.0 = Debug|Any CPU
		{E56FA8D3-060B-405D-B06C-12AE74054BB5}.Debug|x64.ActiveCfg = Debug|x64
		{E56FA8D3-060B-405D-B06C-12AE74054BB5}.Debug|x64.Build.0 = Debug|x64
		{E56FA8D3-060B-405D-B06C-12AE74054BB5}.Debug|x64.Deploy.0 = Debug|x64
		{E56FA8D3-060B-405D-B06C-12AE74054BB5}.Debug|x86.ActiveCfg = Debug|x86
		{E56FA8D3-060B-405D-B06C-12AE74054BB5}.Debug|x86.Build.0 = Debug|x86
		{E56FA8D3-060B-405D-B06C-12AE74054BB5}.Debug|x86.Deploy.0 = Debug|x86
		{E56FA8D3-060B-405D-B06C-12AE74054BB5}.Release|Any CPU.ActiveCfg = Release|Any CPU
		{E56FA8D3-060B-405D-B06C-12AE74054BB5}.Release|Any CPU.Build.0 = Release|Any CPU
		{E56FA8D3-060B-405D-B06C-12AE74054BB5}.Release|Any CPU.Deploy.0 = Release|Any CPU
		{E56FA8D3-060B-405D-B06C-12AE74054BB5}.Release|x64.ActiveCfg = Release|x64
		{E56FA8D3-060B-405D-B06C-12AE74054BB5}.Release|x64.Build.0 = Release|x64
		{E56FA8D3-060B-405D-B06C-12AE74054BB5}.Release|x64.Deploy.0 = Release|x64
		{E56FA8D3-060B-405D-B06C-12AE74054BB5}.Release|x86.ActiveCfg = Release|x86
		{E56FA8D3-060B-405D-B06C-12AE74054BB5}.Release|x86.Build.0 = Release|x86
		{E56FA8D3-060B-405D-B06C-12AE74054BB5}.Release|x86.Deploy.0 = Release|x86
	EndGlobalSection
	GlobalSection(SolutionProperties) = preSolution
		HideSolutionNode = FALSE
	EndGlobalSection
	GlobalSection(ExtensibilityGlobals) = postSolution
		SolutionGuid = {D98F8A8C-758B-48C2-84B9-DC379415CFA9}
	EndGlobalSection
EndGlobal
