
Microsoft Visual Studio Solution File, Format Version 12.00
# Visual Studio Version 16
VisualStudioVersion = 16.0.28407.52
MinimumVisualStudioVersion = 10.0.40219.1
Project("{00D1A9C2-B5F0-4AF3-8072-F6C62B433612}") = "MoodleTest", "MoodleTest\MoodleTest.sqlproj", "{917724C6-C2C9-4C45-B508-18BC5F1E6EC5}"
EndProject
Global
	GlobalSection(SolutionConfigurationPlatforms) = preSolution
		Debug|Any CPU = Debug|Any CPU
		Release|Any CPU = Release|Any CPU
	EndGlobalSection
	GlobalSection(ProjectConfigurationPlatforms) = postSolution
		{917724C6-C2C9-4C45-B508-18BC5F1E6EC5}.Debug|Any CPU.ActiveCfg = Debug|Any CPU
		{917724C6-C2C9-4C45-B508-18BC5F1E6EC5}.Debug|Any CPU.Build.0 = Debug|Any CPU
		{917724C6-C2C9-4C45-B508-18BC5F1E6EC5}.Debug|Any CPU.Deploy.0 = Debug|Any CPU
		{917724C6-C2C9-4C45-B508-18BC5F1E6EC5}.Release|Any CPU.ActiveCfg = Release|Any CPU
		{917724C6-C2C9-4C45-B508-18BC5F1E6EC5}.Release|Any CPU.Build.0 = Release|Any CPU
		{917724C6-C2C9-4C45-B508-18BC5F1E6EC5}.Release|Any CPU.Deploy.0 = Release|Any CPU
	EndGlobalSection
	GlobalSection(SolutionProperties) = preSolution
		HideSolutionNode = FALSE
	EndGlobalSection
	GlobalSection(ExtensibilityGlobals) = postSolution
		SolutionGuid = {E4EC107E-406F-4A64-B4C4-2A1930CC8863}
	EndGlobalSection
EndGlobal
