
Microsoft Visual Studio Solution File, Format Version 12.00
# Visual Studio Version 16
VisualStudioVersion = 16.0.30204.135
MinimumVisualStudioVersion = 10.0.40219.1
Project("{00D1A9C2-B5F0-4AF3-8072-F6C62B433612}") = "LMS_Emulator", "LMS_Emulator.sqlproj", "{757C7044-4E08-4C6C-A3D7-ADA063C3A702}"
EndProject
Global
	GlobalSection(SolutionConfigurationPlatforms) = preSolution
		Debug|Any CPU = Debug|Any CPU
		Release|Any CPU = Release|Any CPU
	EndGlobalSection
	GlobalSection(ProjectConfigurationPlatforms) = postSolution
		{757C7044-4E08-4C6C-A3D7-ADA063C3A702}.Debug|Any CPU.ActiveCfg = Debug|Any CPU
		{757C7044-4E08-4C6C-A3D7-ADA063C3A702}.Debug|Any CPU.Build.0 = Debug|Any CPU
		{757C7044-4E08-4C6C-A3D7-ADA063C3A702}.Debug|Any CPU.Deploy.0 = Debug|Any CPU
		{757C7044-4E08-4C6C-A3D7-ADA063C3A702}.Release|Any CPU.ActiveCfg = Release|Any CPU
		{757C7044-4E08-4C6C-A3D7-ADA063C3A702}.Release|Any CPU.Build.0 = Release|Any CPU
		{757C7044-4E08-4C6C-A3D7-ADA063C3A702}.Release|Any CPU.Deploy.0 = Release|Any CPU
	EndGlobalSection
	GlobalSection(SolutionProperties) = preSolution
		HideSolutionNode = FALSE
	EndGlobalSection
	GlobalSection(ExtensibilityGlobals) = postSolution
		SolutionGuid = {D1D87CB5-7C17-455F-977B-03733AA13918}
	EndGlobalSection
EndGlobal
